
Microsoft Visual Studio Solution File, Format Version 12.00
# Visual Studio 15
VisualStudioVersion = 15.0.27428.2043
MinimumVisualStudioVersion = 10.0.40219.1
Project("{FAE04EC0-301F-11D3-BF4B-00C04F79EFBC}") = "pd_1_2", "pd_1_2\pd_1_2.csproj", "{BEFB179A-DF5A-4703-B996-D8953D100284}"
EndProject
Global
	GlobalSection(SolutionConfigurationPlatforms) = preSolution
		Debug|Any CPU = Debug|Any CPU
		Release|Any CPU = Release|Any CPU
	EndGlobalSection
	GlobalSection(ProjectConfigurationPlatforms) = postSolution
		{BEFB179A-DF5A-4703-B996-D8953D100284}.Debug|Any CPU.ActiveCfg = Debug|Any CPU
		{BEFB179A-DF5A-4703-B996-D8953D100284}.Debug|Any CPU.Build.0 = Debug|Any CPU
		{BEFB179A-DF5A-4703-B996-D8953D100284}.Release|Any CPU.ActiveCfg = Release|Any CPU
		{BEFB179A-DF5A-4703-B996-D8953D100284}.Release|Any CPU.Build.0 = Release|Any CPU
	EndGlobalSection
	GlobalSection(SolutionProperties) = preSolution
		HideSolutionNode = FALSE
	EndGlobalSection
	GlobalSection(ExtensibilityGlobals) = postSolution
		SolutionGuid = {50D39339-5F2E-4084-9B22-F03246D80A08}
	EndGlobalSection
EndGlobal
